{
  "object": {
    "pins": [
      {
        "package": "SwiftDocCPlugin",
        "repositoryURL": "https://github.com/apple/swift-docc-plugin",
        "state": {
          "branch": null,
          "revision": "3303b164430d9a7055ba484c8ead67a52f7b74f6",
          "version": "1.0.0"
        }
      }
    ]
  },
  "version": 1
}
