PODS:
  - Nocilla (0.10.0)

DEPENDENCIES:
  - Nocilla (from `https://github.com/onevcat/Nocilla.git`, branch `swift4`)

EXTERNAL SOURCES:
  Nocilla:
    :branch: swift4
    :git: https://github.com/onevcat/Nocilla.git

CHECKOUT OPTIONS:
  Nocilla:
    :commit: 9207f9ec0e84d56eed117b37a99b091677c78fe2
    :git: https://github.com/onevcat/Nocilla.git

SPEC CHECKSUMS:
  Nocilla: c31f714d1f0a24a983c430e99a1283908ed9c1d7

PODFILE CHECKSUM: e1701972032ff803969f497525d8e4aa8929f695

COCOAPODS: 1.6.0.beta.1
